
Microsoft Visual Studio Solution File, Format Version 12.00
# Visual Studio Version 17
VisualStudioVersion = 17.14.35906.104 d17.14
MinimumVisualStudioVersion = 10.0.40219.1
Project("{FAE04EC0-301F-11D3-BF4B-00C04F79EFBC}") = "Carvilla.BL", "Carvilla.BL\Carvilla.BL.csproj", "{C560EB7E-86F4-4E18-BAE0-A098EB62E5DB}"
EndProject
Project("{FAE04EC0-301F-11D3-BF4B-00C04F79EFBC}") = "Carvilla.DAL", "Carvilla.DAL\Carvilla.DAL.csproj", "{7BA0F25F-72A3-47EE-BECD-B4FBC742C304}"
EndProject
Project("{FAE04EC0-301F-11D3-BF4B-00C04F79EFBC}") = "Carvilla.MVC", "Carvilla.MVC\Carvilla.MVC.csproj", "{C8FF0FEE-0A13-4B22-85C0-F668CFA36C11}"
EndProject
Global
	GlobalSection(SolutionConfigurationPlatforms) = preSolution
		Debug|Any CPU = Debug|Any CPU
		Release|Any CPU = Release|Any CPU
	EndGlobalSection
	GlobalSection(ProjectConfigurationPlatforms) = postSolution
		{C560EB7E-86F4-4E18-BAE0-A098EB62E5DB}.Debug|Any CPU.ActiveCfg = Debug|Any CPU
		{C560EB7E-86F4-4E18-BAE0-A098EB62E5DB}.Debug|Any CPU.Build.0 = Debug|Any CPU
		{C560EB7E-86F4-4E18-BAE0-A098EB62E5DB}.Release|Any CPU.ActiveCfg = Release|Any CPU
		{C560EB7E-86F4-4E18-BAE0-A098EB62E5DB}.Release|Any CPU.Build.0 = Release|Any CPU
		{7BA0F25F-72A3-47EE-BECD-B4FBC742C304}.Debug|Any CPU.ActiveCfg = Debug|Any CPU
		{7BA0F25F-72A3-47EE-BECD-B4FBC742C304}.Debug|Any CPU.Build.0 = Debug|Any CPU
		{7BA0F25F-72A3-47EE-BECD-B4FBC742C304}.Release|Any CPU.ActiveCfg = Release|Any CPU
		{7BA0F25F-72A3-47EE-BECD-B4FBC742C304}.Release|Any CPU.Build.0 = Release|Any CPU
		{C8FF0FEE-0A13-4B22-85C0-F668CFA36C11}.Debug|Any CPU.ActiveCfg = Debug|Any CPU
		{C8FF0FEE-0A13-4B22-85C0-F668CFA36C11}.Debug|Any CPU.Build.0 = Debug|Any CPU
		{C8FF0FEE-0A13-4B22-85C0-F668CFA36C11}.Release|Any CPU.ActiveCfg = Release|Any CPU
		{C8FF0FEE-0A13-4B22-85C0-F668CFA36C11}.Release|Any CPU.Build.0 = Release|Any CPU
	EndGlobalSection
	GlobalSection(SolutionProperties) = preSolution
		HideSolutionNode = FALSE
	EndGlobalSection
	GlobalSection(ExtensibilityGlobals) = postSolution
		SolutionGuid = {AC75E83B-61BB-4087-A752-AEBCA06B3CF6}
	EndGlobalSection
EndGlobal
