
Microsoft Visual Studio Solution File, Format Version 12.00
# Visual Studio Version 17
VisualStudioVersion = 17.14.35906.104 d17.14
MinimumVisualStudioVersion = 10.0.40219.1
Project("{FAE04EC0-301F-11D3-BF4B-00C04F79EFBC}") = "Hotel", "Hotel\Hotel.csproj", "{5ADAF4DD-A4E8-418A-946A-AD7B81F21868}"
EndProject
Global
	GlobalSection(SolutionConfigurationPlatforms) = preSolution
		Debug|Any CPU = Debug|Any CPU
		Release|Any CPU = Release|Any CPU
	EndGlobalSection
	GlobalSection(ProjectConfigurationPlatforms) = postSolution
		{5ADAF4DD-A4E8-418A-946A-AD7B81F21868}.Debug|Any CPU.ActiveCfg = Debug|Any CPU
		{5ADAF4DD-A4E8-418A-946A-AD7B81F21868}.Debug|Any CPU.Build.0 = Debug|Any CPU
		{5ADAF4DD-A4E8-418A-946A-AD7B81F21868}.Release|Any CPU.ActiveCfg = Release|Any CPU
		{5ADAF4DD-A4E8-418A-946A-AD7B81F21868}.Release|Any CPU.Build.0 = Release|Any CPU
	EndGlobalSection
	GlobalSection(SolutionProperties) = preSolution
		HideSolutionNode = FALSE
	EndGlobalSection
	GlobalSection(ExtensibilityGlobals) = postSolution
		SolutionGuid = {5DFB7035-8D23-460B-8A69-2C2BAEB95890}
	EndGlobalSection
EndGlobal
