
Microsoft Visual Studio Solution File, Format Version 12.00
# Visual Studio Version 17
VisualStudioVersion = 17.14.35906.104 d17.14
MinimumVisualStudioVersion = 10.0.40219.1
Project("{FAE04EC0-301F-11D3-BF4B-00C04F79EFBC}") = "C# Basic Project", "C# Basic Project\C# Basic Project.csproj", "{748CAA5E-1200-4756-A7DD-57AABD6D478C}"
EndProject
Global
	GlobalSection(SolutionConfigurationPlatforms) = preSolution
		Debug|Any CPU = Debug|Any CPU
		Release|Any CPU = Release|Any CPU
	EndGlobalSection
	GlobalSection(ProjectConfigurationPlatforms) = postSolution
		{748CAA5E-1200-4756-A7DD-57AABD6D478C}.Debug|Any CPU.ActiveCfg = Debug|Any CPU
		{748CAA5E-1200-4756-A7DD-57AABD6D478C}.Debug|Any CPU.Build.0 = Debug|Any CPU
		{748CAA5E-1200-4756-A7DD-57AABD6D478C}.Release|Any CPU.ActiveCfg = Release|Any CPU
		{748CAA5E-1200-4756-A7DD-57AABD6D478C}.Release|Any CPU.Build.0 = Release|Any CPU
	EndGlobalSection
	GlobalSection(SolutionProperties) = preSolution
		HideSolutionNode = FALSE
	EndGlobalSection
	GlobalSection(ExtensibilityGlobals) = postSolution
		SolutionGuid = {D154C28A-C2AF-4343-8FE6-D0081DE79379}
	EndGlobalSection
EndGlobal
