
Microsoft Visual Studio Solution File, Format Version 12.00
# Visual Studio Version 17
VisualStudioVersion = 17.14.35906.104 d17.14
MinimumVisualStudioVersion = 10.0.40219.1
Project("{FAE04EC0-301F-11D3-BF4B-00C04F79EFBC}") = "VillaApp.BL", "VillaApp\VillaApp.BL.csproj", "{79DCEA9E-6418-4D16-85B1-2459345724BB}"
EndProject
Project("{FAE04EC0-301F-11D3-BF4B-00C04F79EFBC}") = "ViIla.DAL", "ViIla.DAL\ViIla.DAL.csproj", "{C1D2BA9F-F492-4D04-8025-D8853E507E33}"
EndProject
Project("{FAE04EC0-301F-11D3-BF4B-00C04F79EFBC}") = "VillaApp.MVC", "VillaApp.MVC\VillaApp.MVC.csproj", "{ABA51421-BCCC-4611-B82E-653D99200ABC}"
EndProject
Global
	GlobalSection(SolutionConfigurationPlatforms) = preSolution
		Debug|Any CPU = Debug|Any CPU
		Release|Any CPU = Release|Any CPU
	EndGlobalSection
	GlobalSection(ProjectConfigurationPlatforms) = postSolution
		{79DCEA9E-6418-4D16-85B1-2459345724BB}.Debug|Any CPU.ActiveCfg = Debug|Any CPU
		{79DCEA9E-6418-4D16-85B1-2459345724BB}.Debug|Any CPU.Build.0 = Debug|Any CPU
		{79DCEA9E-6418-4D16-85B1-2459345724BB}.Release|Any CPU.ActiveCfg = Release|Any CPU
		{79DCEA9E-6418-4D16-85B1-2459345724BB}.Release|Any CPU.Build.0 = Release|Any CPU
		{C1D2BA9F-F492-4D04-8025-D8853E507E33}.Debug|Any CPU.ActiveCfg = Debug|Any CPU
		{C1D2BA9F-F492-4D04-8025-D8853E507E33}.Debug|Any CPU.Build.0 = Debug|Any CPU
		{C1D2BA9F-F492-4D04-8025-D8853E507E33}.Release|Any CPU.ActiveCfg = Release|Any CPU
		{C1D2BA9F-F492-4D04-8025-D8853E507E33}.Release|Any CPU.Build.0 = Release|Any CPU
		{ABA51421-BCCC-4611-B82E-653D99200ABC}.Debug|Any CPU.ActiveCfg = Debug|Any CPU
		{ABA51421-BCCC-4611-B82E-653D99200ABC}.Debug|Any CPU.Build.0 = Debug|Any CPU
		{ABA51421-BCCC-4611-B82E-653D99200ABC}.Release|Any CPU.ActiveCfg = Release|Any CPU
		{ABA51421-BCCC-4611-B82E-653D99200ABC}.Release|Any CPU.Build.0 = Release|Any CPU
	EndGlobalSection
	GlobalSection(SolutionProperties) = preSolution
		HideSolutionNode = FALSE
	EndGlobalSection
	GlobalSection(ExtensibilityGlobals) = postSolution
		SolutionGuid = {AD263900-0BE6-4730-AC73-F9B56AEF4D3B}
	EndGlobalSection
EndGlobal
