
Microsoft Visual Studio Solution File, Format Version 12.00
# Visual Studio Version 17
VisualStudioVersion = 17.13.35825.156 d17.13
MinimumVisualStudioVersion = 10.0.40219.1
Project("{FAE04EC0-301F-11D3-BF4B-00C04F79EFBC}") = "LittleFashionWebsiteMVC", "LittleFashionWebsiteMVC\LittleFashionWebsiteMVC.csproj", "{64AE96D6-0261-4EB0-BC59-0E57C54BF3B4}"
EndProject
Project("{FAE04EC0-301F-11D3-BF4B-00C04F79EFBC}") = "LittleFashionWebsite.BL", "LittleFashionWebsite.bl\LittleFashionWebsite.BL.csproj", "{BB476C77-107B-4541-BE66-4172EA26F3AB}"
EndProject
Project("{FAE04EC0-301F-11D3-BF4B-00C04F79EFBC}") = "LittleFashionWebsite.DAL", "LittleFashionWebsite.DAL\LittleFashionWebsite.DAL.csproj", "{3EFAC584-12EE-48E4-A3B3-0F22A82A8485}"
EndProject
Global
	GlobalSection(SolutionConfigurationPlatforms) = preSolution
		Debug|Any CPU = Debug|Any CPU
		Release|Any CPU = Release|Any CPU
	EndGlobalSection
	GlobalSection(ProjectConfigurationPlatforms) = postSolution
		{64AE96D6-0261-4EB0-BC59-0E57C54BF3B4}.Debug|Any CPU.ActiveCfg = Debug|Any CPU
		{64AE96D6-0261-4EB0-BC59-0E57C54BF3B4}.Debug|Any CPU.Build.0 = Debug|Any CPU
		{64AE96D6-0261-4EB0-BC59-0E57C54BF3B4}.Release|Any CPU.ActiveCfg = Release|Any CPU
		{64AE96D6-0261-4EB0-BC59-0E57C54BF3B4}.Release|Any CPU.Build.0 = Release|Any CPU
		{BB476C77-107B-4541-BE66-4172EA26F3AB}.Debug|Any CPU.ActiveCfg = Debug|Any CPU
		{BB476C77-107B-4541-BE66-4172EA26F3AB}.Debug|Any CPU.Build.0 = Debug|Any CPU
		{BB476C77-107B-4541-BE66-4172EA26F3AB}.Release|Any CPU.ActiveCfg = Release|Any CPU
		{BB476C77-107B-4541-BE66-4172EA26F3AB}.Release|Any CPU.Build.0 = Release|Any CPU
		{3EFAC584-12EE-48E4-A3B3-0F22A82A8485}.Debug|Any CPU.ActiveCfg = Debug|Any CPU
		{3EFAC584-12EE-48E4-A3B3-0F22A82A8485}.Debug|Any CPU.Build.0 = Debug|Any CPU
		{3EFAC584-12EE-48E4-A3B3-0F22A82A8485}.Release|Any CPU.ActiveCfg = Release|Any CPU
		{3EFAC584-12EE-48E4-A3B3-0F22A82A8485}.Release|Any CPU.Build.0 = Release|Any CPU
	EndGlobalSection
	GlobalSection(SolutionProperties) = preSolution
		HideSolutionNode = FALSE
	EndGlobalSection
	GlobalSection(ExtensibilityGlobals) = postSolution
		SolutionGuid = {4C7BFDBA-A7D4-4B4E-A746-9FA367CC9201}
	EndGlobalSection
EndGlobal
