
Microsoft Visual Studio Solution File, Format Version 12.00
# Visual Studio Version 17
VisualStudioVersion = 17.14.35906.104 d17.14
MinimumVisualStudioVersion = 10.0.40219.1
Project("{FAE04EC0-301F-11D3-BF4B-00C04F79EFBC}") = "Task-2", "Task-2\Task-2.csproj", "{B997FEB6-8A4E-485E-8CC5-A6648E862E1D}"
EndProject
Global
	GlobalSection(SolutionConfigurationPlatforms) = preSolution
		Debug|Any CPU = Debug|Any CPU
		Release|Any CPU = Release|Any CPU
	EndGlobalSection
	GlobalSection(ProjectConfigurationPlatforms) = postSolution
		{B997FEB6-8A4E-485E-8CC5-A6648E862E1D}.Debug|Any CPU.ActiveCfg = Debug|Any CPU
		{B997FEB6-8A4E-485E-8CC5-A6648E862E1D}.Debug|Any CPU.Build.0 = Debug|Any CPU
		{B997FEB6-8A4E-485E-8CC5-A6648E862E1D}.Release|Any CPU.ActiveCfg = Release|Any CPU
		{B997FEB6-8A4E-485E-8CC5-A6648E862E1D}.Release|Any CPU.Build.0 = Release|Any CPU
	EndGlobalSection
	GlobalSection(SolutionProperties) = preSolution
		HideSolutionNode = FALSE
	EndGlobalSection
	GlobalSection(ExtensibilityGlobals) = postSolution
		SolutionGuid = {FC4987F9-694C-4DD2-BB58-BE4B80A898D5}
	EndGlobalSection
EndGlobal
